
Microsoft Visual Studio Solution File, Format Version 11.00
# Visual Studio 2010
Project("{FAE04EC0-301F-11D3-BF4B-00C04F79EFBC}") = "IsPostBackProperty", "IsPostBackProperty\IsPostBackProperty.csproj", "{6467694E-C859-4B5D-BD7E-496C1C2A5DFC}"
EndProject
Global
	GlobalSection(SolutionConfigurationPlatforms) = preSolution
		Debug|Any CPU = Debug|Any CPU
		Release|Any CPU = Release|Any CPU
	EndGlobalSection
	GlobalSection(ProjectConfigurationPlatforms) = postSolution
		{6467694E-C859-4B5D-BD7E-496C1C2A5DFC}.Debug|Any CPU.ActiveCfg = Debug|Any CPU
		{6467694E-C859-4B5D-BD7E-496C1C2A5DFC}.Debug|Any CPU.Build.0 = Debug|Any CPU
		{6467694E-C859-4B5D-BD7E-496C1C2A5DFC}.Release|Any CPU.ActiveCfg = Release|Any CPU
		{6467694E-C859-4B5D-BD7E-496C1C2A5DFC}.Release|Any CPU.Build.0 = Release|Any CPU
	EndGlobalSection
	GlobalSection(SolutionProperties) = preSolution
		HideSolutionNode = FALSE
	EndGlobalSection
EndGlobal
