
Microsoft Visual Studio Solution File, Format Version 11.00
# Visual Studio 2010
Project("{FAE04EC0-301F-11D3-BF4B-00C04F79EFBC}") = "ButtonControls", "ButtonControls\ButtonControls.csproj", "{BB77AA59-AAE4-4C27-80ED-42DA36D1737C}"
EndProject
Global
	GlobalSection(SolutionConfigurationPlatforms) = preSolution
		Debug|Any CPU = Debug|Any CPU
		Release|Any CPU = Release|Any CPU
	EndGlobalSection
	GlobalSection(ProjectConfigurationPlatforms) = postSolution
		{BB77AA59-AAE4-4C27-80ED-42DA36D1737C}.Debug|Any CPU.ActiveCfg = Debug|Any CPU
		{BB77AA59-AAE4-4C27-80ED-42DA36D1737C}.Debug|Any CPU.Build.0 = Debug|Any CPU
		{BB77AA59-AAE4-4C27-80ED-42DA36D1737C}.Release|Any CPU.ActiveCfg = Release|Any CPU
		{BB77AA59-AAE4-4C27-80ED-42DA36D1737C}.Release|Any CPU.Build.0 = Release|Any CPU
	EndGlobalSection
	GlobalSection(SolutionProperties) = preSolution
		HideSolutionNode = FALSE
	EndGlobalSection
EndGlobal
